
Microsoft Visual Studio Solution File, Format Version 12.00
# Visual Studio Version 17
VisualStudioVersion = 17.2.32526.322
MinimumVisualStudioVersion = 10.0.40219.1
Project("{9A19103F-16F7-4668-BE54-9A1E7A4F7556}") = "DirectoryScaner.WPF", "DirectoryScaner.WPF\DirectoryScaner.WPF.csproj", "{C75C5820-E92B-4B1B-A1FB-5FA10C3137E4}"
EndProject
Project("{9A19103F-16F7-4668-BE54-9A1E7A4F7556}") = "DirectoryScanner.Core", "DirectoryScanner.Core\DirectoryScanner.Core.csproj", "{51A5E595-8514-4B6C-BFE8-A96E0697082A}"
EndProject
Project("{FAE04EC0-301F-11D3-BF4B-00C04F79EFBC}") = "DirectoryScanner.Tests", "DirectoryScanner.Tests\DirectoryScanner.Tests.csproj", "{38BD25F5-D473-47DD-90B8-37117E83790B}"
EndProject
Global
	GlobalSection(SolutionConfigurationPlatforms) = preSolution
		Debug|Any CPU = Debug|Any CPU
		Release|Any CPU = Release|Any CPU
	EndGlobalSection
	GlobalSection(ProjectConfigurationPlatforms) = postSolution
		{C75C5820-E92B-4B1B-A1FB-5FA10C3137E4}.Debug|Any CPU.ActiveCfg = Debug|Any CPU
		{C75C5820-E92B-4B1B-A1FB-5FA10C3137E4}.Debug|Any CPU.Build.0 = Debug|Any CPU
		{C75C5820-E92B-4B1B-A1FB-5FA10C3137E4}.Release|Any CPU.ActiveCfg = Release|Any CPU
		{C75C5820-E92B-4B1B-A1FB-5FA10C3137E4}.Release|Any CPU.Build.0 = Release|Any CPU
		{51A5E595-8514-4B6C-BFE8-A96E0697082A}.Debug|Any CPU.ActiveCfg = Debug|Any CPU
		{51A5E595-8514-4B6C-BFE8-A96E0697082A}.Debug|Any CPU.Build.0 = Debug|Any CPU
		{51A5E595-8514-4B6C-BFE8-A96E0697082A}.Release|Any CPU.ActiveCfg = Release|Any CPU
		{51A5E595-8514-4B6C-BFE8-A96E0697082A}.Release|Any CPU.Build.0 = Release|Any CPU
		{38BD25F5-D473-47DD-90B8-37117E83790B}.Debug|Any CPU.ActiveCfg = Debug|Any CPU
		{38BD25F5-D473-47DD-90B8-37117E83790B}.Debug|Any CPU.Build.0 = Debug|Any CPU
		{38BD25F5-D473-47DD-90B8-37117E83790B}.Release|Any CPU.ActiveCfg = Release|Any CPU
		{38BD25F5-D473-47DD-90B8-37117E83790B}.Release|Any CPU.Build.0 = Release|Any CPU
	EndGlobalSection
	GlobalSection(SolutionProperties) = preSolution
		HideSolutionNode = FALSE
	EndGlobalSection
	GlobalSection(ExtensibilityGlobals) = postSolution
		SolutionGuid = {7FB6A985-D40E-42D7-B35F-072645A61B32}
	EndGlobalSection
EndGlobal
